
Microsoft Visual Studio Solution File, Format Version 12.00
# Visual Studio Version 16
VisualStudioVersion = 16.0.30104.148
MinimumVisualStudioVersion = 10.0.40219.1
Project("{FAE04EC0-301F-11D3-BF4B-00C04F79EFBC}") = "Demo", "Demo\Demo.csproj", "{E7864318-F0CE-446E-8ED8-63385F0F6A65}"
EndProject
Global
	GlobalSection(SolutionConfigurationPlatforms) = preSolution
		Debug|Any CPU = Debug|Any CPU
		Release|Any CPU = Release|Any CPU
	EndGlobalSection
	GlobalSection(ProjectConfigurationPlatforms) = postSolution
		{E7864318-F0CE-446E-8ED8-63385F0F6A65}.Debug|Any CPU.ActiveCfg = Debug|Any CPU
		{E7864318-F0CE-446E-8ED8-63385F0F6A65}.Debug|Any CPU.Build.0 = Debug|Any CPU
		{E7864318-F0CE-446E-8ED8-63385F0F6A65}.Release|Any CPU.ActiveCfg = Release|Any CPU
		{E7864318-F0CE-446E-8ED8-63385F0F6A65}.Release|Any CPU.Build.0 = Release|Any CPU
	EndGlobalSection
	GlobalSection(SolutionProperties) = preSolution
		HideSolutionNode = FALSE
	EndGlobalSection
	GlobalSection(ExtensibilityGlobals) = postSolution
		SolutionGuid = {26100CC6-56B3-4ABF-915F-895BBB547176}
	EndGlobalSection
EndGlobal
